// !$*UTF8*$!
{
	archiveVersion = 1;
	classes = {
	};
	objectVersion = 48;
	objects = {

/* Begin PBXBuildFile section */
		0946F3321FD5A5E200E8F3F7 /* AppDelegate.m in Sources */ = {isa = PBXBuildFile; fileRef = 0946F3311FD5A5E200E8F3F7 /* AppDelegate.m */; };
		0946F3351FD5A5E200E8F3F7 /* ViewController.m in Sources */ = {isa = PBXBuildFile; fileRef = 0946F3341FD5A5E200E8F3F7 /* ViewController.m */; };
		0946F3381FD5A5E300E8F3F7 /* Main.storyboard in Resources */ = {isa = PBXBuildFile; fileRef = 0946F3361FD5A5E300E8F3F7 /* Main.storyboard */; };
		0946F33A1FD5A5E300E8F3F7 /* Assets.xcassets in Resources */ = {isa = PBXBuildFile; fileRef = 0946F3391FD5A5E300E8F3F7 /* Assets.xcassets */; };
		0946F33D1FD5A5E300E8F3F7 /* LaunchScreen.storyboard in Resources */ = {isa = PBXBuildFile; fileRef = 0946F33B1FD5A5E300E8F3F7 /* LaunchScreen.storyboard */; };
		0946F3401FD5A5E300E8F3F7 /* main.m in Sources */ = {isa = PBXBuildFile; fileRef = 0946F33F1FD5A5E300E8F3F7 /* main.m */; };
/* End PBXBuildFile section */

/* Begin PBXFileReference section */
		0946F32D1FD5A5E200E8F3F7 /* Runloop.app */ = {isa = PBXFileReference; explicitFileType = wrapper.application; includeInIndex = 0; path = Runloop.app; sourceTree = BUILT_PRODUCTS_DIR; };
		0946F3301FD5A5E200E8F3F7 /* AppDelegate.h */ = {isa = PBXFileReference; lastKnownFileType = sourcecode.c.h; path = AppDelegate.h; sourceTree = "<group>"; };
		0946F3311FD5A5E200E8F3F7 /* AppDelegate.m */ = {isa = PBXFileReference; lastKnownFileType = sourcecode.c.objc; path = AppDelegate.m; sourceTree = "<group>"; };
		0946F3331FD5A5E200E8F3F7 /* ViewController.h */ = {isa = PBXFileReference; lastKnownFileType = sourcecode.c.h; path = ViewController.h; sourceTree = "<group>"; };
		0946F3341FD5A5E200E8F3F7 /* ViewController.m */ = {isa = PBXFileReference; lastKnownFileType = sourcecode.c.objc; path = ViewController.m; sourceTree = "<group>"; };
		0946F3371FD5A5E300E8F3F7 /* Base */ = {isa = PBXFileReference; lastKnownFileType = file.storyboard; name = Base; path = Base.lproj/Main.storyboard; sourceTree = "<group>"; };
		0946F3391FD5A5E300E8F3F7 /* Assets.xcassets */ = {isa = PBXFileReference; lastKnownFileType = folder.assetcatalog; path = Assets.xcassets; sourceTree = "<group>"; };
		0946F33C1FD5A5E300E8F3F7 /* Base */ = {isa = PBXFileReference; lastKnownFileType = file.storyboard; name = Base; path = Base.lproj/LaunchScreen.storyboard; sourceTree = "<group>"; };
		0946F33E1FD5A5E300E8F3F7 /* Info.plist */ = {isa = PBXFileReference; lastKnownFileType = text.plist.xml; path = Info.plist; sourceTree = "<group>"; };
		0946F33F1FD5A5E300E8F3F7 /* main.m */ = {isa = PBXFileReference; lastKnownFileType = sourcecode.c.objc; path = main.m; sourceTree = "<group>"; };
/* End PBXFileReference section */

/* Begin PBXFrameworksBuildPhase section */
		0946F32A1FD5A5E200E8F3F7 /* Frameworks */ = {
			isa = PBXFrameworksBuildPhase;
			buildActionMask = 2147483647;
			files = (
			);
			runOnlyForDeploymentPostprocessing = 0;
		};
/* End PBXFrameworksBuildPhase section */

/* Begin PBXGroup section */
		0946F3241FD5A5E200E8F3F7 = {
			isa = PBXGroup;
			children = (
				0946F32F1FD5A5E200E8F3F7 /* Runloop */,
				0946F32E1FD5A5E200E8F3F7 /* Products */,
			);
			sourceTree = "<group>";
		};
		0946F32E1FD5A5E200E8F3F7 /* Products */ = {
			isa = PBXGroup;
			children = (
				0946F32D1FD5A5E200E8F3F7 /* Runloop.app */,
			);
			name = Products;
			sourceTree = "<group>";
		};
		0946F32F1FD5A5E200E8F3F7 /* Runloop */ = {
			isa = PBXGroup;
			children = (
				0946F3301FD5A5E200E8F3F7 /* AppDelegate.h */,
				0946F3311FD5A5E200E8F3F7 /* AppDelegate.m */,
				0946F3331FD5A5E200E8F3F7 /* ViewController.h */,
				0946F3341FD5A5E200E8F3F7 /* ViewController.m */,
				0946F3361FD5A5E300E8F3F7 /* Main.storyboard */,
				0946F3391FD5A5E300E8F3F7 /* Assets.xcassets */,
				0946F33B1FD5A5E300E8F3F7 /* LaunchScreen.storyboard */,
				0946F33E1FD5A5E300E8F3F7 /* Info.plist */,
				0946F33F1FD5A5E300E8F3F7 /* main.m */,
			);
			path = Runloop;
			sourceTree = "<group>";
		};
/* End PBXGroup section */

/* Begin PBXNativeTarget section */
		0946F32C1FD5A5E200E8F3F7 /* Runloop */ = {
			isa = PBXNativeTarget;
			buildConfigurationList = 0946F3431FD5A5E300E8F3F7 /* Build configuration list for PBXNativeTarget "Runloop" */;
			buildPhases = (
				0946F3291FD5A5E200E8F3F7 /* Sources */,
				0946F32A1FD5A5E200E8F3F7 /* Frameworks */,
				0946F32B1FD5A5E200E8F3F7 /* Resources */,
			);
			buildRules = (
			);
			dependencies = (
			);
			name = Runloop;
			productName = Runloop;
			productReference = 0946F32D1FD5A5E200E8F3F7 /* Runloop.app */;
			productType = "com.apple.product-type.application";
		};
/* End PBXNativeTarget section */

/* Begin PBXProject section */
		0946F3251FD5A5E200E8F3F7 /* Project object */ = {
			isa = PBXProject;
			attributes = {
				LastUpgradeCheck = 0910;
				ORGANIZATIONNAME = J;
				TargetAttributes = {
					0946F32C1FD5A5E200E8F3F7 = {
						CreatedOnToolsVersion = 9.1;
						ProvisioningStyle = Automatic;
					};
				};
			};
			buildConfigurationList = 0946F3281FD5A5E200E8F3F7 /* Build configuration list for PBXProject "Runloop" */;
			compatibilityVersion = "Xcode 8.0";
			developmentRegion = en;
			hasScannedForEncodings = 0;
			knownRegions = (
				en,
				Base,
			);
			mainGroup = 0946F3241FD5A5E200E8F3F7;
			productRefGroup = 0946F32E1FD5A5E200E8F3F7 /* Products */;
			projectDirPath = "";
			projectRoot = "";
			targets = (
				0946F32C1FD5A5E200E8F3F7 /* Runloop */,
			);
		};
/* End PBXProject section */

/* Begin PBXResourcesBuildPhase section */
		0946F32B1FD5A5E200E8F3F7 /* Resources */ = {
			isa = PBXResourcesBuildPhase;
			buildActionMask = 2147483647;
			files = (
				0946F33D1FD5A5E300E8F3F7 /* LaunchScreen.storyboard in Resources */,
				0946F33A1FD5A5E300E8F3F7 /* Assets.xcassets in Resources */,
				0946F3381FD5A5E300E8F3F7 /* Main.storyboard in Resources */,
			);
			runOnlyForDeploymentPostprocessing = 0;
		};
/* End PBXResourcesBuildPhase section */

/* Begin PBXSourcesBuildPhase section */
		0946F3291FD5A5E200E8F3F7 /* Sources */ = {
			isa = PBXSourcesBuildPhase;
			buildActionMask = 2147483647;
			files = (
				0946F3351FD5A5E200E8F3F7 /* ViewController.m in Sources */,
				0946F3401FD5A5E300E8F3F7 /* main.m in Sources */,
				0946F3321FD5A5E200E8F3F7 /* AppDelegate.m in Sources */,
			);
			runOnlyForDeploymentPostprocessing = 0;
		};
/* End PBXSourcesBuildPhase section */

/* Begin PBXVariantGroup section */
		0946F3361FD5A5E300E8F3F7 /* Main.storyboard */ = {
			isa = PBXVariantGroup;
			children = (
				0946F3371FD5A5E300E8F3F7 /* Base */,
			);
			name = Main.storyboard;
			sourceTree = "<group>";
		};
		0946F33B1FD5A5E300E8F3F7 /* LaunchScreen.storyboard */ = {
			isa = PBXVariantGroup;
			children = (
				0946F33C1FD5A5E300E8F3F7 /* Base */,
			);
			name = LaunchScreen.storyboard;
			sourceTree = "<group>";
		};
/* End PBXVariantGroup section */

/* Begin XCBuildConfiguration section */
		0946F3411FD5A5E300E8F3F7 /* Debug */ = {
			isa = XCBuildConfiguration;
			buildSettings = {
				ALWAYS_SEARCH_USER_PATHS = NO;
				CLANG_ANALYZER_NONNULL = YES;
				CLANG_ANALYZER_NUMBER_OBJECT_CONVERSION = YES_AGGRESSIVE;
				CLANG_CXX_LANGUAGE_STANDARD = "gnu++14";
				CLANG_CXX_LIBRARY = "libc++";
				CLANG_ENABLE_MODULES = YES;
				CLANG_ENABLE_OBJC_ARC = YES;
				CLANG_WARN_BLOCK_CAPTURE_AUTORELEASING = YES;
				CLANG_WARN_BOOL_CONVERSION = YES;
				CLANG_WARN_COMMA = YES;
				CLANG_WARN_CONSTANT_CONVERSION = YES;
				CLANG_WARN_DIRECT_OBJC_ISA_USAGE = YES_ERROR;
				CLANG_WARN_DOCUMENTATION_COMMENTS = YES;
				CLANG_WARN_EMPTY_BODY = YES;
				CLANG_WARN_ENUM_CONVERSION = YES;
				CLANG_WARN_INFINITE_RECURSION = YES;
				CLANG_WARN_INT_CONVERSION = YES;
				CLANG_WARN_NON_LITERAL_NULL_CONVERSION = YES;
				CLANG_WARN_OBJC_LITERAL_CONVERSION = YES;
				CLANG_WARN_OBJC_ROOT_CLASS = YES_ERROR;
				CLANG_WARN_RANGE_LOOP_ANALYSIS = YES;
				CLANG_WARN_STRICT_PROTOTYPES = YES;
				CLANG_WARN_SUSPICIOUS_MOVE = YES;
				CLANG_WARN_UNGUARDED_AVAILABILITY = YES_AGGRESSIVE;
				CLANG_WARN_UNREACHABLE_CODE = YES;
				CLANG_WARN__DUPLICATE_METHOD_MATCH = YES;
				CODE_SIGN_IDENTITY = "iPhone Developer";
				COPY_PHASE_STRIP = NO;
				DEBUG_INFORMATION_FORMAT = dwarf;
				ENABLE_STRICT_OBJC_MSGSEND = YES;
				ENABLE_TESTABILITY = YES;
				GCC_C_LANGUAGE_STANDARD = gnu11;
				GCC_DYNAMIC_NO_PIC = NO;
				GCC_NO_COMMON_BLOCKS = YES;
				GCC_OPTIMIZATION_LEVEL = 0;
				GCC_PREPROCESSOR_DEFINITIONS = (
					"DEBUG=1",
					"$(inherited)",
				);
				GCC_WARN_64_TO_32_BIT_CONVERSION = YES;
				GCC_WARN_ABOUT_RETURN_TYPE = YES_ERROR;
				GCC_WARN_UNDECLARED_SELECTOR = YES;
				GCC_WARN_UNINITIALIZED_AUTOS = YES_AGGRESSIVE;
				GCC_WARN_UNUSED_FUNCTION = YES;
				GCC_WARN_UNUSED_VARIABLE = YES;
				IPHONEOS_DEPLOYMENT_TARGET = 11.1;
				MTL_ENABLE_DEBUG_INFO = YES;
				ONLY_ACTIVE_ARCH = YES;
				SDKROOT = iphoneos;
			};
			name = Debug;
		};
		0946F3421FD5A5E300E8F3F7 /* Release */ = {
			isa = XCBuildConfiguration;
			buildSettings = {
				ALWAYS_SEARCH_USER_PATHS = NO;
				CLANG_ANALYZER_NONNULL = YES;
				CLANG_ANALYZER_NUMBER_OBJECT_CONVERSION = YES_AGGRESSIVE;
				CLANG_CXX_LANGUAGE_STANDARD = "gnu++14";
				CLANG_CXX_LIBRARY = "libc++";
				CLANG_ENABLE_MODULES = YES;
				CLANG_ENABLE_OBJC_ARC = YES;
				CLANG_WARN_BLOCK_CAPTURE_AUTORELEASING = YES;
				CLANG_WARN_BOOL_CONVERSION = YES;
				CLANG_WARN_COMMA = YES;
				CLANG_WARN_CONSTANT_CONVERSION = YES;
				CLANG_WARN_DIRECT_OBJC_ISA_USAGE = YES_ERROR;
				CLANG_WARN_DOCUMENTATION_COMMENTS = YES;
				CLANG_WARN_EMPTY_BODY = YES;
				CLANG_WARN_ENUM_CONVERSION = YES;
				CLANG_WARN_INFINITE_RECURSION = YES;
				CLANG_WARN_INT_CONVERSION = YES;
				CLANG_WARN_NON_LITERAL_NULL_CONVERSION = YES;
				CLANG_WARN_OBJC_LITERAL_CONVERSION = YES;
				CLANG_WARN_OBJC_ROOT_CLASS = YES_ERROR;
				CLANG_WARN_RANGE_LOOP_ANALYSIS = YES;
				CLANG_WARN_STRICT_PROTOTYPES = YES;
				CLANG_WARN_SUSPICIOUS_MOVE = YES;
				CLANG_WARN_UNGUARDED_AVAILABILITY = YES_AGGRESSIVE;
				CLANG_WARN_UNREACHABLE_CODE = YES;
				CLANG_WARN__DUPLICATE_METHOD_MATCH = YES;
				CODE_SIGN_IDENTITY = "iPhone Developer";
				COPY_PHASE_STRIP = NO;
				DEBUG_INFORMATION_FORMAT = "dwarf-with-dsym";
				ENABLE_NS_ASSERTIONS = NO;
				ENABLE_STRICT_OBJC_MSGSEND = YES;
				GCC_C_LANGUAGE_STANDARD = gnu11;
				GCC_NO_COMMON_BLOCKS = YES;
				GCC_WARN_64_TO_32_BIT_CONVERSION = YES;
				GCC_WARN_ABOUT_RETURN_TYPE = YES_ERROR;
				GCC_WARN_UNDECLARED_SELECTOR = YES;
				GCC_WARN_UNINITIALIZED_AUTOS = YES_AGGRESSIVE;
				GCC_WARN_UNUSED_FUNCTION = YES;
				GCC_WARN_UNUSED_VARIABLE = YES;
				IPHONEOS_DEPLOYMENT_TARGET = 11.1;
				MTL_ENABLE_DEBUG_INFO = NO;
				SDKROOT = iphoneos;
				VALIDATE_PRODUCT = YES;
			};
			name = Release;
		};
		0946F3441FD5A5E300E8F3F7 /* Debug */ = {
			isa = XCBuildConfiguration;
			buildSettings = {
				ASSETCATALOG_COMPILER_APPICON_NAME = AppIcon;
				CODE_SIGN_STYLE = Automatic;
				INFOPLIST_FILE = Runloop/Info.plist;
				LD_RUNPATH_SEARCH_PATHS = "$(inherited) @executable_path/Frameworks";
				PRODUCT_BUNDLE_IDENTIFIER = com.king.Runloop;
				PRODUCT_NAME = "$(TARGET_NAME)";
				TARGETED_DEVICE_FAMILY = "1,2";
			};
			name = Debug;
		};
		0946F3451FD5A5E300E8F3F7 /* Release */ = {
			isa = XCBuildConfiguration;
			buildSettings = {
				ASSETCATALOG_COMPILER_APPICON_NAME = AppIcon;
				CODE_SIGN_STYLE = Automatic;
				INFOPLIST_FILE = Runloop/Info.plist;
				LD_RUNPATH_SEARCH_PATHS = "$(inherited) @executable_path/Frameworks";
				PRODUCT_BUNDLE_IDENTIFIER = com.king.Runloop;
				PRODUCT_NAME = "$(TARGET_NAME)";
				TARGETED_DEVICE_FAMILY = "1,2";
			};
			name = Release;
		};
/* End XCBuildConfiguration section */

/* Begin XCConfigurationList section */
		0946F3281FD5A5E200E8F3F7 /* Build configuration list for PBXProject "Runloop" */ = {
			isa = XCConfigurationList;
			buildConfigurations = (
				0946F3411FD5A5E300E8F3F7 /* Debug */,
				0946F3421FD5A5E300E8F3F7 /* Release */,
			);
			defaultConfigurationIsVisible = 0;
			defaultConfigurationName = Release;
		};
		0946F3431FD5A5E300E8F3F7 /* Build configuration list for PBXNativeTarget "Runloop" */ = {
			isa = XCConfigurationList;
			buildConfigurations = (
				0946F3441FD5A5E300E8F3F7 /* Debug */,
				0946F3451FD5A5E300E8F3F7 /* Release */,
			);
			defaultConfigurationIsVisible = 0;
			defaultConfigurationName = Release;
		};
/* End XCConfigurationList section */
	};
	rootObject = 0946F3251FD5A5E200E8F3F7 /* Project object */;
}
