// !$*UTF8*$!
{
	archiveVersion = 1;
	classes = {
	};
	objectVersion = 48;
	objects = {

/* Begin PBXBuildFile section */
		0946F4561FD8026400E8F3F7 /* main.m in Sources */ = {isa = PBXBuildFile; fileRef = 0946F4551FD8026400E8F3F7 /* main.m */; };
		0946F45E1FD8027200E8F3F7 /* Person.m in Sources */ = {isa = PBXBuildFile; fileRef = 0946F45D1FD8027200E8F3F7 /* Person.m */; };
		0946F4671FD8210200E8F3F7 /* NSObject+getMethodList.m in Sources */ = {isa = PBXBuildFile; fileRef = 0946F4661FD8210200E8F3F7 /* NSObject+getMethodList.m */; };
		0946F46A1FD8216C00E8F3F7 /* NSObject+getIvarList.m in Sources */ = {isa = PBXBuildFile; fileRef = 0946F4691FD8216C00E8F3F7 /* NSObject+getIvarList.m */; };
		0946F46D1FD8226400E8F3F7 /* Person+MethodSwizzling.m in Sources */ = {isa = PBXBuildFile; fileRef = 0946F46C1FD8226400E8F3F7 /* Person+MethodSwizzling.m */; };
/* End PBXBuildFile section */

/* Begin PBXCopyFilesBuildPhase section */
		0946F4501FD8026400E8F3F7 /* CopyFiles */ = {
			isa = PBXCopyFilesBuildPhase;
			buildActionMask = 2147483647;
			dstPath = /usr/share/man/man1/;
			dstSubfolderSpec = 0;
			files = (
			);
			runOnlyForDeploymentPostprocessing = 1;
		};
/* End PBXCopyFilesBuildPhase section */

/* Begin PBXFileReference section */
		0946F4521FD8026400E8F3F7 /* Runtime */ = {isa = PBXFileReference; explicitFileType = "compiled.mach-o.executable"; includeInIndex = 0; path = Runtime; sourceTree = BUILT_PRODUCTS_DIR; };
		0946F4551FD8026400E8F3F7 /* main.m */ = {isa = PBXFileReference; lastKnownFileType = sourcecode.c.objc; path = main.m; sourceTree = "<group>"; };
		0946F45C1FD8027200E8F3F7 /* Person.h */ = {isa = PBXFileReference; lastKnownFileType = sourcecode.c.h; path = Person.h; sourceTree = "<group>"; };
		0946F45D1FD8027200E8F3F7 /* Person.m */ = {isa = PBXFileReference; lastKnownFileType = sourcecode.c.objc; path = Person.m; sourceTree = "<group>"; };
		0946F4651FD8210200E8F3F7 /* NSObject+getMethodList.h */ = {isa = PBXFileReference; lastKnownFileType = sourcecode.c.h; path = "NSObject+getMethodList.h"; sourceTree = "<group>"; };
		0946F4661FD8210200E8F3F7 /* NSObject+getMethodList.m */ = {isa = PBXFileReference; lastKnownFileType = sourcecode.c.objc; path = "NSObject+getMethodList.m"; sourceTree = "<group>"; };
		0946F4681FD8216C00E8F3F7 /* NSObject+getIvarList.h */ = {isa = PBXFileReference; lastKnownFileType = sourcecode.c.h; path = "NSObject+getIvarList.h"; sourceTree = "<group>"; };
		0946F4691FD8216C00E8F3F7 /* NSObject+getIvarList.m */ = {isa = PBXFileReference; lastKnownFileType = sourcecode.c.objc; path = "NSObject+getIvarList.m"; sourceTree = "<group>"; };
		0946F46B1FD8226400E8F3F7 /* Person+MethodSwizzling.h */ = {isa = PBXFileReference; lastKnownFileType = sourcecode.c.h; path = "Person+MethodSwizzling.h"; sourceTree = "<group>"; };
		0946F46C1FD8226400E8F3F7 /* Person+MethodSwizzling.m */ = {isa = PBXFileReference; lastKnownFileType = sourcecode.c.objc; path = "Person+MethodSwizzling.m"; sourceTree = "<group>"; };
/* End PBXFileReference section */

/* Begin PBXFrameworksBuildPhase section */
		0946F44F1FD8026400E8F3F7 /* Frameworks */ = {
			isa = PBXFrameworksBuildPhase;
			buildActionMask = 2147483647;
			files = (
			);
			runOnlyForDeploymentPostprocessing = 0;
		};
/* End PBXFrameworksBuildPhase section */

/* Begin PBXGroup section */
		0946F4491FD8026400E8F3F7 = {
			isa = PBXGroup;
			children = (
				0946F4541FD8026400E8F3F7 /* Runtime */,
				0946F4531FD8026400E8F3F7 /* Products */,
			);
			sourceTree = "<group>";
		};
		0946F4531FD8026400E8F3F7 /* Products */ = {
			isa = PBXGroup;
			children = (
				0946F4521FD8026400E8F3F7 /* Runtime */,
			);
			name = Products;
			sourceTree = "<group>";
		};
		0946F4541FD8026400E8F3F7 /* Runtime */ = {
			isa = PBXGroup;
			children = (
				0946F4551FD8026400E8F3F7 /* main.m */,
				0946F45C1FD8027200E8F3F7 /* Person.h */,
				0946F45D1FD8027200E8F3F7 /* Person.m */,
				0946F4681FD8216C00E8F3F7 /* NSObject+getIvarList.h */,
				0946F4691FD8216C00E8F3F7 /* NSObject+getIvarList.m */,
				0946F4651FD8210200E8F3F7 /* NSObject+getMethodList.h */,
				0946F4661FD8210200E8F3F7 /* NSObject+getMethodList.m */,
				0946F46B1FD8226400E8F3F7 /* Person+MethodSwizzling.h */,
				0946F46C1FD8226400E8F3F7 /* Person+MethodSwizzling.m */,
			);
			path = Runtime;
			sourceTree = "<group>";
		};
/* End PBXGroup section */

/* Begin PBXNativeTarget section */
		0946F4511FD8026400E8F3F7 /* Runtime */ = {
			isa = PBXNativeTarget;
			buildConfigurationList = 0946F4591FD8026400E8F3F7 /* Build configuration list for PBXNativeTarget "Runtime" */;
			buildPhases = (
				0946F44E1FD8026400E8F3F7 /* Sources */,
				0946F44F1FD8026400E8F3F7 /* Frameworks */,
				0946F4501FD8026400E8F3F7 /* CopyFiles */,
			);
			buildRules = (
			);
			dependencies = (
			);
			name = Runtime;
			productName = Runtime;
			productReference = 0946F4521FD8026400E8F3F7 /* Runtime */;
			productType = "com.apple.product-type.tool";
		};
/* End PBXNativeTarget section */

/* Begin PBXProject section */
		0946F44A1FD8026400E8F3F7 /* Project object */ = {
			isa = PBXProject;
			attributes = {
				LastUpgradeCheck = 0910;
				ORGANIZATIONNAME = J;
				TargetAttributes = {
					0946F4511FD8026400E8F3F7 = {
						CreatedOnToolsVersion = 9.1;
						ProvisioningStyle = Automatic;
					};
				};
			};
			buildConfigurationList = 0946F44D1FD8026400E8F3F7 /* Build configuration list for PBXProject "Runtime" */;
			compatibilityVersion = "Xcode 8.0";
			developmentRegion = en;
			hasScannedForEncodings = 0;
			knownRegions = (
				en,
			);
			mainGroup = 0946F4491FD8026400E8F3F7;
			productRefGroup = 0946F4531FD8026400E8F3F7 /* Products */;
			projectDirPath = "";
			projectRoot = "";
			targets = (
				0946F4511FD8026400E8F3F7 /* Runtime */,
			);
		};
/* End PBXProject section */

/* Begin PBXSourcesBuildPhase section */
		0946F44E1FD8026400E8F3F7 /* Sources */ = {
			isa = PBXSourcesBuildPhase;
			buildActionMask = 2147483647;
			files = (
				0946F46A1FD8216C00E8F3F7 /* NSObject+getIvarList.m in Sources */,
				0946F45E1FD8027200E8F3F7 /* Person.m in Sources */,
				0946F46D1FD8226400E8F3F7 /* Person+MethodSwizzling.m in Sources */,
				0946F4561FD8026400E8F3F7 /* main.m in Sources */,
				0946F4671FD8210200E8F3F7 /* NSObject+getMethodList.m in Sources */,
			);
			runOnlyForDeploymentPostprocessing = 0;
		};
/* End PBXSourcesBuildPhase section */

/* Begin XCBuildConfiguration section */
		0946F4571FD8026400E8F3F7 /* Debug */ = {
			isa = XCBuildConfiguration;
			buildSettings = {
				ALWAYS_SEARCH_USER_PATHS = NO;
				CLANG_ANALYZER_NONNULL = YES;
				CLANG_ANALYZER_NUMBER_OBJECT_CONVERSION = YES_AGGRESSIVE;
				CLANG_CXX_LANGUAGE_STANDARD = "gnu++14";
				CLANG_CXX_LIBRARY = "libc++";
				CLANG_ENABLE_MODULES = YES;
				CLANG_ENABLE_OBJC_ARC = YES;
				CLANG_WARN_BLOCK_CAPTURE_AUTORELEASING = YES;
				CLANG_WARN_BOOL_CONVERSION = YES;
				CLANG_WARN_COMMA = YES;
				CLANG_WARN_CONSTANT_CONVERSION = YES;
				CLANG_WARN_DIRECT_OBJC_ISA_USAGE = YES_ERROR;
				CLANG_WARN_DOCUMENTATION_COMMENTS = YES;
				CLANG_WARN_EMPTY_BODY = YES;
				CLANG_WARN_ENUM_CONVERSION = YES;
				CLANG_WARN_INFINITE_RECURSION = YES;
				CLANG_WARN_INT_CONVERSION = YES;
				CLANG_WARN_NON_LITERAL_NULL_CONVERSION = YES;
				CLANG_WARN_OBJC_LITERAL_CONVERSION = YES;
				CLANG_WARN_OBJC_ROOT_CLASS = YES_ERROR;
				CLANG_WARN_RANGE_LOOP_ANALYSIS = YES;
				CLANG_WARN_STRICT_PROTOTYPES = YES;
				CLANG_WARN_SUSPICIOUS_MOVE = YES;
				CLANG_WARN_UNGUARDED_AVAILABILITY = YES_AGGRESSIVE;
				CLANG_WARN_UNREACHABLE_CODE = YES;
				CLANG_WARN__DUPLICATE_METHOD_MATCH = YES;
				CODE_SIGN_IDENTITY = "-";
				COPY_PHASE_STRIP = NO;
				DEBUG_INFORMATION_FORMAT = dwarf;
				ENABLE_STRICT_OBJC_MSGSEND = YES;
				ENABLE_TESTABILITY = YES;
				GCC_C_LANGUAGE_STANDARD = gnu11;
				GCC_DYNAMIC_NO_PIC = NO;
				GCC_NO_COMMON_BLOCKS = YES;
				GCC_OPTIMIZATION_LEVEL = 0;
				GCC_PREPROCESSOR_DEFINITIONS = (
					"DEBUG=1",
					"$(inherited)",
				);
				GCC_WARN_64_TO_32_BIT_CONVERSION = YES;
				GCC_WARN_ABOUT_RETURN_TYPE = YES_ERROR;
				GCC_WARN_UNDECLARED_SELECTOR = YES;
				GCC_WARN_UNINITIALIZED_AUTOS = YES_AGGRESSIVE;
				GCC_WARN_UNUSED_FUNCTION = YES;
				GCC_WARN_UNUSED_VARIABLE = YES;
				MACOSX_DEPLOYMENT_TARGET = 10.13;
				MTL_ENABLE_DEBUG_INFO = YES;
				ONLY_ACTIVE_ARCH = YES;
				SDKROOT = macosx;
			};
			name = Debug;
		};
		0946F4581FD8026400E8F3F7 /* Release */ = {
			isa = XCBuildConfiguration;
			buildSettings = {
				ALWAYS_SEARCH_USER_PATHS = NO;
				CLANG_ANALYZER_NONNULL = YES;
				CLANG_ANALYZER_NUMBER_OBJECT_CONVERSION = YES_AGGRESSIVE;
				CLANG_CXX_LANGUAGE_STANDARD = "gnu++14";
				CLANG_CXX_LIBRARY = "libc++";
				CLANG_ENABLE_MODULES = YES;
				CLANG_ENABLE_OBJC_ARC = YES;
				CLANG_WARN_BLOCK_CAPTURE_AUTORELEASING = YES;
				CLANG_WARN_BOOL_CONVERSION = YES;
				CLANG_WARN_COMMA = YES;
				CLANG_WARN_CONSTANT_CONVERSION = YES;
				CLANG_WARN_DIRECT_OBJC_ISA_USAGE = YES_ERROR;
				CLANG_WARN_DOCUMENTATION_COMMENTS = YES;
				CLANG_WARN_EMPTY_BODY = YES;
				CLANG_WARN_ENUM_CONVERSION = YES;
				CLANG_WARN_INFINITE_RECURSION = YES;
				CLANG_WARN_INT_CONVERSION = YES;
				CLANG_WARN_NON_LITERAL_NULL_CONVERSION = YES;
				CLANG_WARN_OBJC_LITERAL_CONVERSION = YES;
				CLANG_WARN_OBJC_ROOT_CLASS = YES_ERROR;
				CLANG_WARN_RANGE_LOOP_ANALYSIS = YES;
				CLANG_WARN_STRICT_PROTOTYPES = YES;
				CLANG_WARN_SUSPICIOUS_MOVE = YES;
				CLANG_WARN_UNGUARDED_AVAILABILITY = YES_AGGRESSIVE;
				CLANG_WARN_UNREACHABLE_CODE = YES;
				CLANG_WARN__DUPLICATE_METHOD_MATCH = YES;
				CODE_SIGN_IDENTITY = "-";
				COPY_PHASE_STRIP = NO;
				DEBUG_INFORMATION_FORMAT = "dwarf-with-dsym";
				ENABLE_NS_ASSERTIONS = NO;
				ENABLE_STRICT_OBJC_MSGSEND = YES;
				GCC_C_LANGUAGE_STANDARD = gnu11;
				GCC_NO_COMMON_BLOCKS = YES;
				GCC_WARN_64_TO_32_BIT_CONVERSION = YES;
				GCC_WARN_ABOUT_RETURN_TYPE = YES_ERROR;
				GCC_WARN_UNDECLARED_SELECTOR = YES;
				GCC_WARN_UNINITIALIZED_AUTOS = YES_AGGRESSIVE;
				GCC_WARN_UNUSED_FUNCTION = YES;
				GCC_WARN_UNUSED_VARIABLE = YES;
				MACOSX_DEPLOYMENT_TARGET = 10.13;
				MTL_ENABLE_DEBUG_INFO = NO;
				SDKROOT = macosx;
			};
			name = Release;
		};
		0946F45A1FD8026400E8F3F7 /* Debug */ = {
			isa = XCBuildConfiguration;
			buildSettings = {
				CODE_SIGN_STYLE = Automatic;
				ENABLE_STRICT_OBJC_MSGSEND = NO;
				PRODUCT_NAME = "$(TARGET_NAME)";
			};
			name = Debug;
		};
		0946F45B1FD8026400E8F3F7 /* Release */ = {
			isa = XCBuildConfiguration;
			buildSettings = {
				CODE_SIGN_STYLE = Automatic;
				ENABLE_STRICT_OBJC_MSGSEND = NO;
				PRODUCT_NAME = "$(TARGET_NAME)";
			};
			name = Release;
		};
/* End XCBuildConfiguration section */

/* Begin XCConfigurationList section */
		0946F44D1FD8026400E8F3F7 /* Build configuration list for PBXProject "Runtime" */ = {
			isa = XCConfigurationList;
			buildConfigurations = (
				0946F4571FD8026400E8F3F7 /* Debug */,
				0946F4581FD8026400E8F3F7 /* Release */,
			);
			defaultConfigurationIsVisible = 0;
			defaultConfigurationName = Release;
		};
		0946F4591FD8026400E8F3F7 /* Build configuration list for PBXNativeTarget "Runtime" */ = {
			isa = XCConfigurationList;
			buildConfigurations = (
				0946F45A1FD8026400E8F3F7 /* Debug */,
				0946F45B1FD8026400E8F3F7 /* Release */,
			);
			defaultConfigurationIsVisible = 0;
			defaultConfigurationName = Release;
		};
/* End XCConfigurationList section */
	};
	rootObject = 0946F44A1FD8026400E8F3F7 /* Project object */;
}
